
Microsoft Visual Studio Solution File, Format Version 12.00
# Visual Studio Version 17
VisualStudioVersion = 17.5.33414.496
MinimumVisualStudioVersion = 10.0.40219.1
Project("{FAE04EC0-301F-11D3-BF4B-00C04F79EFBC}") = "modul9_1302210036", "modul9_1302210036.csproj", "{1FE68823-3D31-48B2-9F3E-B335DEF6EACB}"
EndProject
Global
	GlobalSection(SolutionConfigurationPlatforms) = preSolution
		Debug|Any CPU = Debug|Any CPU
		Release|Any CPU = Release|Any CPU
	EndGlobalSection
	GlobalSection(ProjectConfigurationPlatforms) = postSolution
		{1FE68823-3D31-48B2-9F3E-B335DEF6EACB}.Debug|Any CPU.ActiveCfg = Debug|Any CPU
		{1FE68823-3D31-48B2-9F3E-B335DEF6EACB}.Debug|Any CPU.Build.0 = Debug|Any CPU
		{1FE68823-3D31-48B2-9F3E-B335DEF6EACB}.Release|Any CPU.ActiveCfg = Release|Any CPU
		{1FE68823-3D31-48B2-9F3E-B335DEF6EACB}.Release|Any CPU.Build.0 = Release|Any CPU
	EndGlobalSection
	GlobalSection(SolutionProperties) = preSolution
		HideSolutionNode = FALSE
	EndGlobalSection
	GlobalSection(ExtensibilityGlobals) = postSolution
		SolutionGuid = {86581A92-6887-4CD8-A6FF-2CBC23F248AE}
	EndGlobalSection
EndGlobal
